// !$*UTF8*$!
{
	archiveVersion = 1;
	classes = {
	};
	objectVersion = 56;
	objects = {

/* Begin PBXBuildFile section */
		61A42F0A293FBDB700DE7EBE /* AppDelegate.swift in Sources */ = {isa = PBXBuildFile; fileRef = 61A42F09293FBDB700DE7EBE /* AppDelegate.swift */; };
		61A42F0C293FBDB700DE7EBE /* SceneDelegate.swift in Sources */ = {isa = PBXBuildFile; fileRef = 61A42F0B293FBDB700DE7EBE /* SceneDelegate.swift */; };
		61A42F0E293FBDB700DE7EBE /* ViewController.swift in Sources */ = {isa = PBXBuildFile; fileRef = 61A42F0D293FBDB700DE7EBE /* ViewController.swift */; };
		61A42F11293FBDB700DE7EBE /* Main.storyboard in Resources */ = {isa = PBXBuildFile; fileRef = 61A42F0F293FBDB700DE7EBE /* Main.storyboard */; };
		61A42F13293FBDB800DE7EBE /* Assets.xcassets in Resources */ = {isa = PBXBuildFile; fileRef = 61A42F12293FBDB800DE7EBE /* Assets.xcassets */; };
		61A42F16293FBDB800DE7EBE /* LaunchScreen.storyboard in Resources */ = {isa = PBXBuildFile; fileRef = 61A42F14293FBDB800DE7EBE /* LaunchScreen.storyboard */; };
/* End PBXBuildFile section */

/* Begin PBXFileReference section */
		61A42F06293FBDB700DE7EBE /* Let's Dessert.app */ = {isa = PBXFileReference; explicitFileType = wrapper.application; includeInIndex = 0; path = "Let's Dessert.app"; sourceTree = BUILT_PRODUCTS_DIR; };
		61A42F09293FBDB700DE7EBE /* AppDelegate.swift */ = {isa = PBXFileReference; lastKnownFileType = sourcecode.swift; path = AppDelegate.swift; sourceTree = "<group>"; };
		61A42F0B293FBDB700DE7EBE /* SceneDelegate.swift */ = {isa = PBXFileReference; lastKnownFileType = sourcecode.swift; path = SceneDelegate.swift; sourceTree = "<group>"; };
		61A42F0D293FBDB700DE7EBE /* ViewController.swift */ = {isa = PBXFileReference; lastKnownFileType = sourcecode.swift; path = ViewController.swift; sourceTree = "<group>"; };
		61A42F10293FBDB700DE7EBE /* Base */ = {isa = PBXFileReference; lastKnownFileType = file.storyboard; name = Base; path = Base.lproj/Main.storyboard; sourceTree = "<group>"; };
		61A42F12293FBDB800DE7EBE /* Assets.xcassets */ = {isa = PBXFileReference; lastKnownFileType = folder.assetcatalog; path = Assets.xcassets; sourceTree = "<group>"; };
		61A42F15293FBDB800DE7EBE /* Base */ = {isa = PBXFileReference; lastKnownFileType = file.storyboard; name = Base; path = Base.lproj/LaunchScreen.storyboard; sourceTree = "<group>"; };
		61A42F17293FBDB800DE7EBE /* Info.plist */ = {isa = PBXFileReference; lastKnownFileType = text.plist.xml; path = Info.plist; sourceTree = "<group>"; };
/* End PBXFileReference section */

/* Begin PBXFrameworksBuildPhase section */
		61A42F03293FBDB700DE7EBE /* Frameworks */ = {
			isa = PBXFrameworksBuildPhase;
			buildActionMask = 2147483647;
			files = (
			);
			runOnlyForDeploymentPostprocessing = 0;
		};
/* End PBXFrameworksBuildPhase section */

/* Begin PBXGroup section */
		61A42EFD293FBDB700DE7EBE = {
			isa = PBXGroup;
			children = (
				61A42F08293FBDB700DE7EBE /* Let's Dessert */,
				61A42F07293FBDB700DE7EBE /* Products */,
			);
			sourceTree = "<group>";
		};
		61A42F07293FBDB700DE7EBE /* Products */ = {
			isa = PBXGroup;
			children = (
				61A42F06293FBDB700DE7EBE /* Let's Dessert.app */,
			);
			name = Products;
			sourceTree = "<group>";
		};
		61A42F08293FBDB700DE7EBE /* Let's Dessert */ = {
			isa = PBXGroup;
			children = (
				61A42F09293FBDB700DE7EBE /* AppDelegate.swift */,
				61A42F0B293FBDB700DE7EBE /* SceneDelegate.swift */,
				61A42F0D293FBDB700DE7EBE /* ViewController.swift */,
				61A42F0F293FBDB700DE7EBE /* Main.storyboard */,
				61A42F12293FBDB800DE7EBE /* Assets.xcassets */,
				61A42F14293FBDB800DE7EBE /* LaunchScreen.storyboard */,
				61A42F17293FBDB800DE7EBE /* Info.plist */,
			);
			path = "Let's Dessert";
			sourceTree = "<group>";
		};
/* End PBXGroup section */

/* Begin PBXNativeTarget section */
		61A42F05293FBDB700DE7EBE /* Let's Dessert */ = {
			isa = PBXNativeTarget;
			buildConfigurationList = 61A42F1A293FBDB800DE7EBE /* Build configuration list for PBXNativeTarget "Let's Dessert" */;
			buildPhases = (
				61A42F02293FBDB700DE7EBE /* Sources */,
				61A42F03293FBDB700DE7EBE /* Frameworks */,
				61A42F04293FBDB700DE7EBE /* Resources */,
			);
			buildRules = (
			);
			dependencies = (
			);
			name = "Let's Dessert";
			productName = "Let's Dessert";
			productReference = 61A42F06293FBDB700DE7EBE /* Let's Dessert.app */;
			productType = "com.apple.product-type.application";
		};
/* End PBXNativeTarget section */

/* Begin PBXProject section */
		61A42EFE293FBDB700DE7EBE /* Project object */ = {
			isa = PBXProject;
			attributes = {
				BuildIndependentTargetsInParallel = 1;
				LastSwiftUpdateCheck = 1410;
				LastUpgradeCheck = 1410;
				TargetAttributes = {
					61A42F05293FBDB700DE7EBE = {
						CreatedOnToolsVersion = 14.1;
					};
				};
			};
			buildConfigurationList = 61A42F01293FBDB700DE7EBE /* Build configuration list for PBXProject "Let's Dessert" */;
			compatibilityVersion = "Xcode 14.0";
			developmentRegion = en;
			hasScannedForEncodings = 0;
			knownRegions = (
				en,
				Base,
			);
			mainGroup = 61A42EFD293FBDB700DE7EBE;
			productRefGroup = 61A42F07293FBDB700DE7EBE /* Products */;
			projectDirPath = "";
			projectRoot = "";
			targets = (
				61A42F05293FBDB700DE7EBE /* Let's Dessert */,
			);
		};
/* End PBXProject section */

/* Begin PBXResourcesBuildPhase section */
		61A42F04293FBDB700DE7EBE /* Resources */ = {
			isa = PBXResourcesBuildPhase;
			buildActionMask = 2147483647;
			files = (
				61A42F16293FBDB800DE7EBE /* LaunchScreen.storyboard in Resources */,
				61A42F13293FBDB800DE7EBE /* Assets.xcassets in Resources */,
				61A42F11293FBDB700DE7EBE /* Main.storyboard in Resources */,
			);
			runOnlyForDeploymentPostprocessing = 0;
		};
/* End PBXResourcesBuildPhase section */

/* Begin PBXSourcesBuildPhase section */
		61A42F02293FBDB700DE7EBE /* Sources */ = {
			isa = PBXSourcesBuildPhase;
			buildActionMask = 2147483647;
			files = (
				61A42F0E293FBDB700DE7EBE /* ViewController.swift in Sources */,
				61A42F0A293FBDB700DE7EBE /* AppDelegate.swift in Sources */,
				61A42F0C293FBDB700DE7EBE /* SceneDelegate.swift in Sources */,
			);
			runOnlyForDeploymentPostprocessing = 0;
		};
/* End PBXSourcesBuildPhase section */

/* Begin PBXVariantGroup section */
		61A42F0F293FBDB700DE7EBE /* Main.storyboard */ = {
			isa = PBXVariantGroup;
			children = (
				61A42F10293FBDB700DE7EBE /* Base */,
			);
			name = Main.storyboard;
			sourceTree = "<group>";
		};
		61A42F14293FBDB800DE7EBE /* LaunchScreen.storyboard */ = {
			isa = PBXVariantGroup;
			children = (
				61A42F15293FBDB800DE7EBE /* Base */,
			);
			name = LaunchScreen.storyboard;
			sourceTree = "<group>";
		};
/* End PBXVariantGroup section */

/* Begin XCBuildConfiguration section */
		61A42F18293FBDB800DE7EBE /* Debug */ = {
			isa = XCBuildConfiguration;
			buildSettings = {
				ALWAYS_SEARCH_USER_PATHS = NO;
				CLANG_ANALYZER_NONNULL = YES;
				CLANG_ANALYZER_NUMBER_OBJECT_CONVERSION = YES_AGGRESSIVE;
				CLANG_CXX_LANGUAGE_STANDARD = "gnu++20";
				CLANG_ENABLE_MODULES = YES;
				CLANG_ENABLE_OBJC_ARC = YES;
				CLANG_ENABLE_OBJC_WEAK = YES;
				CLANG_WARN_BLOCK_CAPTURE_AUTORELEASING = YES;
				CLANG_WARN_BOOL_CONVERSION = YES;
				CLANG_WARN_COMMA = YES;
				CLANG_WARN_CONSTANT_CONVERSION = YES;
				CLANG_WARN_DEPRECATED_OBJC_IMPLEMENTATIONS = YES;
				CLANG_WARN_DIRECT_OBJC_ISA_USAGE = YES_ERROR;
				CLANG_WARN_DOCUMENTATION_COMMENTS = YES;
				CLANG_WARN_EMPTY_BODY = YES;
				CLANG_WARN_ENUM_CONVERSION = YES;
				CLANG_WARN_INFINITE_RECURSION = YES;
				CLANG_WARN_INT_CONVERSION = YES;
				CLANG_WARN_NON_LITERAL_NULL_CONVERSION = YES;
				CLANG_WARN_OBJC_IMPLICIT_RETAIN_SELF = YES;
				CLANG_WARN_OBJC_LITERAL_CONVERSION = YES;
				CLANG_WARN_OBJC_ROOT_CLASS = YES_ERROR;
				CLANG_WARN_QUOTED_INCLUDE_IN_FRAMEWORK_HEADER = YES;
				CLANG_WARN_RANGE_LOOP_ANALYSIS = YES;
				CLANG_WARN_STRICT_PROTOTYPES = YES;
				CLANG_WARN_SUSPICIOUS_MOVE = YES;
				CLANG_WARN_UNGUARDED_AVAILABILITY = YES_AGGRESSIVE;
				CLANG_WARN_UNREACHABLE_CODE = YES;
				CLANG_WARN__DUPLICATE_METHOD_MATCH = YES;
				COPY_PHASE_STRIP = NO;
				DEBUG_INFORMATION_FORMAT = dwarf;
				ENABLE_STRICT_OBJC_MSGSEND = YES;
				ENABLE_TESTABILITY = YES;
				GCC_C_LANGUAGE_STANDARD = gnu11;
				GCC_DYNAMIC_NO_PIC = NO;
				GCC_NO_COMMON_BLOCKS = YES;
				GCC_OPTIMIZATION_LEVEL = 0;
				GCC_PREPROCESSOR_DEFINITIONS = (
					"DEBUG=1",
					"$(inherited)",
				);
				GCC_WARN_64_TO_32_BIT_CONVERSION = YES;
				GCC_WARN_ABOUT_RETURN_TYPE = YES_ERROR;
				GCC_WARN_UNDECLARED_SELECTOR = YES;
				GCC_WARN_UNINITIALIZED_AUTOS = YES_AGGRESSIVE;
				GCC_WARN_UNUSED_FUNCTION = YES;
				GCC_WARN_UNUSED_VARIABLE = YES;
				IPHONEOS_DEPLOYMENT_TARGET = 16.1;
				MTL_ENABLE_DEBUG_INFO = INCLUDE_SOURCE;
				MTL_FAST_MATH = YES;
				ONLY_ACTIVE_ARCH = YES;
				SDKROOT = iphoneos;
				SWIFT_ACTIVE_COMPILATION_CONDITIONS = DEBUG;
				SWIFT_OPTIMIZATION_LEVEL = "-Onone";
			};
			name = Debug;
		};
		61A42F19293FBDB800DE7EBE /* Release */ = {
			isa = XCBuildConfiguration;
			buildSettings = {
				ALWAYS_SEARCH_USER_PATHS = NO;
				CLANG_ANALYZER_NONNULL = YES;
				CLANG_ANALYZER_NUMBER_OBJECT_CONVERSION = YES_AGGRESSIVE;
				CLANG_CXX_LANGUAGE_STANDARD = "gnu++20";
				CLANG_ENABLE_MODULES = YES;
				CLANG_ENABLE_OBJC_ARC = YES;
				CLANG_ENABLE_OBJC_WEAK = YES;
				CLANG_WARN_BLOCK_CAPTURE_AUTORELEASING = YES;
				CLANG_WARN_BOOL_CONVERSION = YES;
				CLANG_WARN_COMMA = YES;
				CLANG_WARN_CONSTANT_CONVERSION = YES;
				CLANG_WARN_DEPRECATED_OBJC_IMPLEMENTATIONS = YES;
				CLANG_WARN_DIRECT_OBJC_ISA_USAGE = YES_ERROR;
				CLANG_WARN_DOCUMENTATION_COMMENTS = YES;
				CLANG_WARN_EMPTY_BODY = YES;
				CLANG_WARN_ENUM_CONVERSION = YES;
				CLANG_WARN_INFINITE_RECURSION = YES;
				CLANG_WARN_INT_CONVERSION = YES;
				CLANG_WARN_NON_LITERAL_NULL_CONVERSION = YES;
				CLANG_WARN_OBJC_IMPLICIT_RETAIN_SELF = YES;
				CLANG_WARN_OBJC_LITERAL_CONVERSION = YES;
				CLANG_WARN_OBJC_ROOT_CLASS = YES_ERROR;
				CLANG_WARN_QUOTED_INCLUDE_IN_FRAMEWORK_HEADER = YES;
				CLANG_WARN_RANGE_LOOP_ANALYSIS = YES;
				CLANG_WARN_STRICT_PROTOTYPES = YES;
				CLANG_WARN_SUSPICIOUS_MOVE = YES;
				CLANG_WARN_UNGUARDED_AVAILABILITY = YES_AGGRESSIVE;
				CLANG_WARN_UNREACHABLE_CODE = YES;
				CLANG_WARN__DUPLICATE_METHOD_MATCH = YES;
				COPY_PHASE_STRIP = NO;
				DEBUG_INFORMATION_FORMAT = "dwarf-with-dsym";
				ENABLE_NS_ASSERTIONS = NO;
				ENABLE_STRICT_OBJC_MSGSEND = YES;
				GCC_C_LANGUAGE_STANDARD = gnu11;
				GCC_NO_COMMON_BLOCKS = YES;
				GCC_WARN_64_TO_32_BIT_CONVERSION = YES;
				GCC_WARN_ABOUT_RETURN_TYPE = YES_ERROR;
				GCC_WARN_UNDECLARED_SELECTOR = YES;
				GCC_WARN_UNINITIALIZED_AUTOS = YES_AGGRESSIVE;
				GCC_WARN_UNUSED_FUNCTION = YES;
				GCC_WARN_UNUSED_VARIABLE = YES;
				IPHONEOS_DEPLOYMENT_TARGET = 16.1;
				MTL_ENABLE_DEBUG_INFO = NO;
				MTL_FAST_MATH = YES;
				SDKROOT = iphoneos;
				SWIFT_COMPILATION_MODE = wholemodule;
				SWIFT_OPTIMIZATION_LEVEL = "-O";
				VALIDATE_PRODUCT = YES;
			};
			name = Release;
		};
		61A42F1B293FBDB800DE7EBE /* Debug */ = {
			isa = XCBuildConfiguration;
			buildSettings = {
				ASSETCATALOG_COMPILER_APPICON_NAME = AppIcon;
				ASSETCATALOG_COMPILER_GLOBAL_ACCENT_COLOR_NAME = AccentColor;
				CODE_SIGN_STYLE = Automatic;
				CURRENT_PROJECT_VERSION = 1;
				DEVELOPMENT_TEAM = QS6T2VTNR5;
				GENERATE_INFOPLIST_FILE = YES;
				INFOPLIST_FILE = "Let's Dessert/Info.plist";
				INFOPLIST_KEY_UIApplicationSupportsIndirectInputEvents = YES;
				INFOPLIST_KEY_UILaunchStoryboardName = LaunchScreen;
				INFOPLIST_KEY_UIMainStoryboardFile = Main;
				INFOPLIST_KEY_UISupportedInterfaceOrientations_iPad = "UIInterfaceOrientationPortrait UIInterfaceOrientationPortraitUpsideDown UIInterfaceOrientationLandscapeLeft UIInterfaceOrientationLandscapeRight";
				INFOPLIST_KEY_UISupportedInterfaceOrientations_iPhone = "UIInterfaceOrientationPortrait UIInterfaceOrientationLandscapeLeft UIInterfaceOrientationLandscapeRight";
				LD_RUNPATH_SEARCH_PATHS = (
					"$(inherited)",
					"@executable_path/Frameworks",
				);
				MARKETING_VERSION = 1.0;
				PRODUCT_BUNDLE_IDENTIFIER = "com.stevenschwab.Let-s-Dessert";
				PRODUCT_NAME = "$(TARGET_NAME)";
				SWIFT_EMIT_LOC_STRINGS = YES;
				SWIFT_VERSION = 5.0;
				TARGETED_DEVICE_FAMILY = "1,2";
			};
			name = Debug;
		};
		61A42F1C293FBDB800DE7EBE /* Release */ = {
			isa = XCBuildConfiguration;
			buildSettings = {
				ASSETCATALOG_COMPILER_APPICON_NAME = AppIcon;
				ASSETCATALOG_COMPILER_GLOBAL_ACCENT_COLOR_NAME = AccentColor;
				CODE_SIGN_STYLE = Automatic;
				CURRENT_PROJECT_VERSION = 1;
				DEVELOPMENT_TEAM = QS6T2VTNR5;
				GENERATE_INFOPLIST_FILE = YES;
				INFOPLIST_FILE = "Let's Dessert/Info.plist";
				INFOPLIST_KEY_UIApplicationSupportsIndirectInputEvents = YES;
				INFOPLIST_KEY_UILaunchStoryboardName = LaunchScreen;
				INFOPLIST_KEY_UIMainStoryboardFile = Main;
				INFOPLIST_KEY_UISupportedInterfaceOrientations_iPad = "UIInterfaceOrientationPortrait UIInterfaceOrientationPortraitUpsideDown UIInterfaceOrientationLandscapeLeft UIInterfaceOrientationLandscapeRight";
				INFOPLIST_KEY_UISupportedInterfaceOrientations_iPhone = "UIInterfaceOrientationPortrait UIInterfaceOrientationLandscapeLeft UIInterfaceOrientationLandscapeRight";
				LD_RUNPATH_SEARCH_PATHS = (
					"$(inherited)",
					"@executable_path/Frameworks",
				);
				MARKETING_VERSION = 1.0;
				PRODUCT_BUNDLE_IDENTIFIER = "com.stevenschwab.Let-s-Dessert";
				PRODUCT_NAME = "$(TARGET_NAME)";
				SWIFT_EMIT_LOC_STRINGS = YES;
				SWIFT_VERSION = 5.0;
				TARGETED_DEVICE_FAMILY = "1,2";
			};
			name = Release;
		};
/* End XCBuildConfiguration section */

/* Begin XCConfigurationList section */
		61A42F01293FBDB700DE7EBE /* Build configuration list for PBXProject "Let's Dessert" */ = {
			isa = XCConfigurationList;
			buildConfigurations = (
				61A42F18293FBDB800DE7EBE /* Debug */,
				61A42F19293FBDB800DE7EBE /* Release */,
			);
			defaultConfigurationIsVisible = 0;
			defaultConfigurationName = Release;
		};
		61A42F1A293FBDB800DE7EBE /* Build configuration list for PBXNativeTarget "Let's Dessert" */ = {
			isa = XCConfigurationList;
			buildConfigurations = (
				61A42F1B293FBDB800DE7EBE /* Debug */,
				61A42F1C293FBDB800DE7EBE /* Release */,
			);
			defaultConfigurationIsVisible = 0;
			defaultConfigurationName = Release;
		};
/* End XCConfigurationList section */
	};
	rootObject = 61A42EFE293FBDB700DE7EBE /* Project object */;
}
